
Microsoft Visual Studio Solution File, Format Version 12.00
# Visual Studio Version 17
VisualStudioVersion = 17.9.34723.18
MinimumVisualStudioVersion = 10.0.40219.1
Project("{FAE04EC0-301F-11D3-BF4B-00C04F79EFBC}") = "44_ViewModel", "44_ViewModel\44_ViewModel.csproj", "{9F9A4EF1-8D8D-4001-BCDE-FF61B4B7CF92}"
EndProject
Global
	GlobalSection(SolutionConfigurationPlatforms) = preSolution
		Debug|Any CPU = Debug|Any CPU
		Release|Any CPU = Release|Any CPU
	EndGlobalSection
	GlobalSection(ProjectConfigurationPlatforms) = postSolution
		{9F9A4EF1-8D8D-4001-BCDE-FF61B4B7CF92}.Debug|Any CPU.ActiveCfg = Debug|Any CPU
		{9F9A4EF1-8D8D-4001-BCDE-FF61B4B7CF92}.Debug|Any CPU.Build.0 = Debug|Any CPU
		{9F9A4EF1-8D8D-4001-BCDE-FF61B4B7CF92}.Release|Any CPU.ActiveCfg = Release|Any CPU
		{9F9A4EF1-8D8D-4001-BCDE-FF61B4B7CF92}.Release|Any CPU.Build.0 = Release|Any CPU
	EndGlobalSection
	GlobalSection(SolutionProperties) = preSolution
		HideSolutionNode = FALSE
	EndGlobalSection
	GlobalSection(ExtensibilityGlobals) = postSolution
		SolutionGuid = {7D2F4829-451C-4E02-A970-FCBE62087170}
	EndGlobalSection
EndGlobal
