
Microsoft Visual Studio Solution File, Format Version 12.00
# Visual Studio Version 17
VisualStudioVersion = 17.9.34723.18
MinimumVisualStudioVersion = 10.0.40219.1
Project("{FAE04EC0-301F-11D3-BF4B-00C04F79EFBC}") = "31_Validation", "31_Validation\31_Validation.csproj", "{F64B3EC1-B300-4262-B829-5661A10BC60C}"
EndProject
Global
	GlobalSection(SolutionConfigurationPlatforms) = preSolution
		Debug|Any CPU = Debug|Any CPU
		Release|Any CPU = Release|Any CPU
	EndGlobalSection
	GlobalSection(ProjectConfigurationPlatforms) = postSolution
		{F64B3EC1-B300-4262-B829-5661A10BC60C}.Debug|Any CPU.ActiveCfg = Debug|Any CPU
		{F64B3EC1-B300-4262-B829-5661A10BC60C}.Debug|Any CPU.Build.0 = Debug|Any CPU
		{F64B3EC1-B300-4262-B829-5661A10BC60C}.Release|Any CPU.ActiveCfg = Release|Any CPU
		{F64B3EC1-B300-4262-B829-5661A10BC60C}.Release|Any CPU.Build.0 = Release|Any CPU
	EndGlobalSection
	GlobalSection(SolutionProperties) = preSolution
		HideSolutionNode = FALSE
	EndGlobalSection
	GlobalSection(ExtensibilityGlobals) = postSolution
		SolutionGuid = {AE0768B1-C8D6-40C7-A6AF-1C9851FF8F4B}
	EndGlobalSection
EndGlobal
